github.com/99designs/keyring v0.0.0-20180523072454-ccd0779e6f10 h1:sQgghNA6oD/MyxmpmgbHX5nNIIPjI3SEJJExf+bsjK0=
github.com/99designs/keyring v0.0.0-20180523072454-ccd0779e6f10/go.mod h1:aKt8W/yd91/xHY6ixZAJZ2vYbhr3pP8DcrvuGSGNPJk=
github.com/99designs/keyring v0.0.0-20181012025958-ff690aee77e9 h1:jst3zUpvYIaHu9OIWsR7w6z7a9sDfdWiXRak7URECV8=
github.com/99designs/keyring v0.0.0-20181012025958-ff690aee77e9/go.mod h1:aKt8W/yd91/xHY6ixZAJZ2vYbhr3pP8DcrvuGSGNPJk=
github.com/aulanov/go.dbus v0.0.0-20150729231527-25c3068a42a0 h1:EEDvbomAQ+MFWqJ9FM6RXyJTkc4lckyWsbc5CGQkG1Y=
github.com/aulanov/go.dbus v0.0.0-20150729231527-25c3068a42a0/go.mod h1:VHvUx+4lTCaJ8zUnEXF4cWEc9c8lnDt4PGLwlZ+3yaM=
github.com/aws/aws-sdk-go v0.0.0-20170323003848-3bc643c63c6f h1:jUaGnP0b/8/iuYRSz0wldEkOmRa6Veb/bRy55KOdQwQ=
github.com/aws/aws-sdk-go v0.0.0-20170323003848-3bc643c63c6f/go.mod h1:ZRmQr0FajVIyZ4ZzBYKG5P3ZqPz9IHG41ZoMu1ADI3k=
github.com/danieljoos/wincred v1.0.1/go.mod h1:SnuYRW9lp1oJrZX/dXJqr0cPK5gYXqx3EJbmjhLdK9U=
github.com/dvsekhvalnov/jose2go v0.0.0-20170629143815-9f050a91b1f2 h1:06e8eXJuLYsTORowj2SXjDUelB3oBrRurj91k9e+TEo=
github.com/dvsekhvalnov/jose2go v0.0.0-20170629143815-9f050a91b1f2/go.mod h1:7BvyPhdbLxMXIYTFPLsyJRFMsKmOZnQmzh6Gb+uquuM=
github.com/go-ini/ini v1.39.0 h1:/CyW/jTlZLjuzy52jc1XnhJm6IUKEuunpJFpecywNeI=
github.com/go-ini/ini v1.39.0/go.mod h1:ByCAeIL28uOIIG0E3PJtZPDL8WnHpFKFOtgjp+3Ies8=
github.com/godbus/dbus v0.0.0-20180201030542-885f9cc04c9c h1:RBUpb2b14UnmRHNd2uHz20ZHLDK+SW5Us/vWF5IHRaY=
github.com/godbus/dbus v0.0.0-20180201030542-885f9cc04c9c/go.mod h1:/YcGZj5zSblfDWMMoOzV4fas9FZnQYTkDnsGvmh2Grw=
github.com/gsterjov/go-libsecret v0.0.0-20161001094733-a6f4afe4910c h1:6rhixN/i8ZofjG1Y75iExal34USq5p+wiN1tpie8IrU=
github.com/gsterjov/go-libsecret v0.0.0-20161001094733-a6f4afe4910c/go.mod h1:NMPJylDgVpX0MLRlPy15sqSwOFv/U1GZ2m21JhFfek0=
github.com/inconshreveable/mousetrap v1.0.0/go.mod h1:PxqpIevigyE2G7u3NXJIT2ANytuPF1OarO4DADm73n8=
github.com/jehiah/go-strftime v0.0.0-20171201141054-1d33003b3869/go.mod h1:cJ6Cj7dQo+O6GJNiMx+Pa94qKj+TG8ONdKHgMNIyyag=
github.com/jmespath/go-jmespath v0.0.0-20180206201540-c2b33e8439af h1:pmfjZENx5imkbgOkpRUYLnmbU7UEFbjtDA2hxJ1ichM=
github.com/jmespath/go-jmespath v0.0.0-20180206201540-c2b33e8439af/go.mod h1:Nht3zPeWKUH0NzdCt2Blrr5ys8VGpn0CEB0cQHVjt7k=
github.com/keybase/go-keychain v0.0.0-20180801170200-15d3657f24fc h1:hsMxTKUbDWam6afrf6TFFBUCCGejgYQzIpwSe14WI4c=
github.com/keybase/go-keychain v0.0.0-20180801170200-15d3657f24fc/go.mod h1:JJNrCn9otv/2QP4D7SMJBgaleKpOf66PnW6F5WGNRIc=
github.com/mitchellh/go-homedir v0.0.0-20161203194507-b8bc1bf76747 h1:eQox4Rh4ewJF+mqYPxCkmBAirRnPaHEB26UkNuPyjlk=
github.com/mitchellh/go-homedir v0.0.0-20161203194507-b8bc1bf76747/go.mod h1:SfyaCUpYCn1Vlf4IUYiD9fPX4A5wJrkLzIz1N1q0pr0=
github.com/segmentio/analytics-go v0.0.0-20180319165424-4f08212e9b32 h1:tYR5qRFhU7Frw0LfLb8oV8jBDMfLzc/JWr2gtUc8buw=
github.com/segmentio/analytics-go v0.0.0-20180319165424-4f08212e9b32/go.mod h1:C7CYBtQWk4vRk2RyLu0qOcbHJ18E3F1HV2C/8JvKN48=
github.com/segmentio/backo-go v0.0.0-20160424052352-204274ad699c h1:rsRTAcCR5CeNLkvgBVSjQoDGRRt6kggsE6XYBqCv2KQ=
github.com/segmentio/backo-go v0.0.0-20160424052352-204274ad699c/go.mod h1:kJ9mm9YmoWSkk+oQ+5Cj8DEoRCX2JT6As4kEtIIOp1M=
github.com/sirupsen/logrus v0.0.0-20170515105910-5e5dc898656f h1:l5KPkrd6ZQ4mZnlWo4Eoll9mYPR98HXL6KcdShW4uTk=
github.com/sirupsen/logrus v0.0.0-20170515105910-5e5dc898656f/go.mod h1:rmk17hk6i8ZSAJkSDa7nOxamrG+SP4P0mm+DAvExv4U=
github.com/skratchdot/open-golang v0.0.0-20160302144031-75fb7ed4208c h1:fyKiXKO1/I/B6Y2U8T7WdQGWzwehOuGIrljPtt7YTTI=
github.com/skratchdot/open-golang v0.0.0-20160302144031-75fb7ed4208c/go.mod h1:sUM3LWHvSMaG192sy56D9F7CNvL7jUJVXoqM1QKLnog=
github.com/spf13/cobra v0.0.0-20170621173259-31694f19adee h1:vZmAzioCtW2XsGeBJZECjqCx3NjSDqlia/fhPs+XXAg=
github.com/spf13/cobra v0.0.0-20170621173259-31694f19adee/go.mod h1:1l0Ry5zgKvJasoi3XT1TypsSe7PqH0Sj9dhYf7v3XqQ=
github.com/spf13/pflag v1.0.0 h1:oaPbdDe/x0UncahuwiPxW1GYJyilRAdsPnq3e1yaPcI=
github.com/spf13/pflag v1.0.0/go.mod h1:DYY7MBk1bdzusC3SYhjObp+wFpr4gzcvqqNjLnInEg4=
github.com/vaughan0/go-ini v0.0.0-20130923145212-a98ad7ee00ec h1:DGmKwyZwEB8dI7tbLt/I/gQuP559o/0FrAkHKlQM/Ks=
github.com/vaughan0/go-ini v0.0.0-20130923145212-a98ad7ee00ec/go.mod h1:owBmyHYMLkxyrugmfwE/DLJyW8Ro9mkphwuVErQ0iUw=
github.com/xtgo/uuid v0.0.0-20140804021211-a0b114877d4c h1:3lbZUMbMiGUW/LMkfsEABsc5zNT9+b1CvsJx47JzJ8g=
github.com/xtgo/uuid v0.0.0-20140804021211-a0b114877d4c/go.mod h1:UrdRz5enIKZ63MEE3IF9l2/ebyx59GyGgPi+tICQdmM=
golang.org/x/crypto v0.0.0-20170425182615-5f995c0d1c72 h1:ToxY12f6piBU/dAuoYnkAzvFvVp2Icf58kYOeHHRySw=
golang.org/x/crypto v0.0.0-20170425182615-5f995c0d1c72/go.mod h1:6SG95UA2DQfeDnfUPMdvaQW0Q7yPrPDi9nlGo2tz2b4=
golang.org/x/net v0.0.0-20160331214825-3e8a7b0329d5 h1:fIw0Jej1gleVgGPqSZr1Taclu87ZxbCo+XaU8hkBJzo=
golang.org/x/net v0.0.0-20160331214825-3e8a7b0329d5/go.mod h1:mL1N/T3taQHkDXs73rZJwtUhF3w3ftmwwsq0BUmARs4=
golang.org/x/sys v0.0.0-20150612014455-b4e289961544/go.mod h1:STP8DvDyc/dI5b8T5hshtkjS+E42TnysNCUPdjciGhY=
